
Microsoft Visual Studio Solution File, Format Version 12.00
# Visual Studio Version 17
VisualStudioVersion = 17.0.32112.339
MinimumVisualStudioVersion = 10.0.40219.1
Project("{FAE04EC0-301F-11D3-BF4B-00C04F79EFBC}") = "MapPainter", "MapPainter\MapPainter.csproj", "{93F5362C-822D-4DB4-A020-D869FA7962F3}"
EndProject
Global
	GlobalSection(SolutionConfigurationPlatforms) = preSolution
		Debug|Any CPU = Debug|Any CPU
		Release|Any CPU = Release|Any CPU
	EndGlobalSection
	GlobalSection(ProjectConfigurationPlatforms) = postSolution
		{93F5362C-822D-4DB4-A020-D869FA7962F3}.Debug|Any CPU.ActiveCfg = Debug|Any CPU
		{93F5362C-822D-4DB4-A020-D869FA7962F3}.Debug|Any CPU.Build.0 = Debug|Any CPU
		{93F5362C-822D-4DB4-A020-D869FA7962F3}.Release|Any CPU.ActiveCfg = Release|Any CPU
		{93F5362C-822D-4DB4-A020-D869FA7962F3}.Release|Any CPU.Build.0 = Release|Any CPU
	EndGlobalSection
	GlobalSection(SolutionProperties) = preSolution
		HideSolutionNode = FALSE
	EndGlobalSection
	GlobalSection(ExtensibilityGlobals) = postSolution
		SolutionGuid = {056D915A-B48C-469E-A22E-F5FFB03C5094}
	EndGlobalSection
EndGlobal
